
Microsoft Visual Studio Solution File, Format Version 12.00
# Visual Studio Version 17
VisualStudioVersion = 17.11.35327.3
MinimumVisualStudioVersion = 10.0.40219.1
Project("{FAE04EC0-301F-11D3-BF4B-00C04F79EFBC}") = "UjianPraktek_13_IbnuAsfarZakiPutranto", "UjianPraktek_13_IbnuAsfarZakiPutranto\UjianPraktek_13_IbnuAsfarZakiPutranto.csproj", "{44322DD6-8CD6-4503-8469-AA0A60F43E73}"
EndProject
Global
	GlobalSection(SolutionConfigurationPlatforms) = preSolution
		Debug|Any CPU = Debug|Any CPU
		Release|Any CPU = Release|Any CPU
	EndGlobalSection
	GlobalSection(ProjectConfigurationPlatforms) = postSolution
		{44322DD6-8CD6-4503-8469-AA0A60F43E73}.Debug|Any CPU.ActiveCfg = Debug|Any CPU
		{44322DD6-8CD6-4503-8469-AA0A60F43E73}.Debug|Any CPU.Build.0 = Debug|Any CPU
		{44322DD6-8CD6-4503-8469-AA0A60F43E73}.Release|Any CPU.ActiveCfg = Release|Any CPU
		{44322DD6-8CD6-4503-8469-AA0A60F43E73}.Release|Any CPU.Build.0 = Release|Any CPU
	EndGlobalSection
	GlobalSection(SolutionProperties) = preSolution
		HideSolutionNode = FALSE
	EndGlobalSection
	GlobalSection(ExtensibilityGlobals) = postSolution
		SolutionGuid = {664479F3-B799-4E0C-B260-3B9B4D90FAEB}
	EndGlobalSection
EndGlobal
